
Microsoft Visual Studio Solution File, Format Version 12.00
# Visual Studio Version 17
VisualStudioVersion = 17.1.32210.238
MinimumVisualStudioVersion = 10.0.40219.1
Project("{FAE04EC0-301F-11D3-BF4B-00C04F79EFBC}") = "AuthServer.API", "AuthServer.API\AuthServer.API.csproj", "{5E332B9F-5D58-4388-9A12-FE5C46C9AFC9}"
EndProject
Project("{FAE04EC0-301F-11D3-BF4B-00C04F79EFBC}") = "AuthServer.Core", "AuthServer.Core\AuthServer.Core.csproj", "{FF4E03C4-147D-4FB4-BBA1-13A47439F3DD}"
EndProject
Project("{FAE04EC0-301F-11D3-BF4B-00C04F79EFBC}") = "AuthServer.DataAccess", "AuthServer.DataAccess\AuthServer.DataAccess.csproj", "{129A8819-3681-4A46-90CF-468B1E81CF80}"
EndProject
Project("{FAE04EC0-301F-11D3-BF4B-00C04F79EFBC}") = "AuthServer.Business", "AuthServer.Business\AuthServer.Business.csproj", "{435FC592-6222-43EC-AB09-11CA5DB039EB}"
EndProject
Project("{FAE04EC0-301F-11D3-BF4B-00C04F79EFBC}") = "MiniApp1.API", "MiniApp1.API\MiniApp1.API.csproj", "{3D213A82-4037-42F0-A2F5-738E98C3A145}"
EndProject
Project("{FAE04EC0-301F-11D3-BF4B-00C04F79EFBC}") = "MiniApp2.API", "MiniApp2.API\MiniApp2.API.csproj", "{613AA2B5-CF64-45C1-BCF5-C6E195F43765}"
EndProject
Project("{FAE04EC0-301F-11D3-BF4B-00C04F79EFBC}") = "MiniApp3.API", "MiniApp3.API\MiniApp3.API.csproj", "{F8722523-58E9-4AF2-B3FA-A3B782635C8F}"
EndProject
Project("{FAE04EC0-301F-11D3-BF4B-00C04F79EFBC}") = "SharedLibrary", "SharedLibrary\SharedLibrary.csproj", "{FFB6C3B6-F83B-4B79-BBA6-482FD227500D}"
EndProject
Global
	GlobalSection(SolutionConfigurationPlatforms) = preSolution
		Debug|Any CPU = Debug|Any CPU
		Release|Any CPU = Release|Any CPU
	EndGlobalSection
	GlobalSection(ProjectConfigurationPlatforms) = postSolution
		{5E332B9F-5D58-4388-9A12-FE5C46C9AFC9}.Debug|Any CPU.ActiveCfg = Debug|Any CPU
		{5E332B9F-5D58-4388-9A12-FE5C46C9AFC9}.Debug|Any CPU.Build.0 = Debug|Any CPU
		{5E332B9F-5D58-4388-9A12-FE5C46C9AFC9}.Release|Any CPU.ActiveCfg = Release|Any CPU
		{5E332B9F-5D58-4388-9A12-FE5C46C9AFC9}.Release|Any CPU.Build.0 = Release|Any CPU
		{FF4E03C4-147D-4FB4-BBA1-13A47439F3DD}.Debug|Any CPU.ActiveCfg = Debug|Any CPU
		{FF4E03C4-147D-4FB4-BBA1-13A47439F3DD}.Debug|Any CPU.Build.0 = Debug|Any CPU
		{FF4E03C4-147D-4FB4-BBA1-13A47439F3DD}.Release|Any CPU.ActiveCfg = Release|Any CPU
		{FF4E03C4-147D-4FB4-BBA1-13A47439F3DD}.Release|Any CPU.Build.0 = Release|Any CPU
		{129A8819-3681-4A46-90CF-468B1E81CF80}.Debug|Any CPU.ActiveCfg = Debug|Any CPU
		{129A8819-3681-4A46-90CF-468B1E81CF80}.Debug|Any CPU.Build.0 = Debug|Any CPU
		{129A8819-3681-4A46-90CF-468B1E81CF80}.Release|Any CPU.ActiveCfg = Release|Any CPU
		{129A8819-3681-4A46-90CF-468B1E81CF80}.Release|Any CPU.Build.0 = Release|Any CPU
		{435FC592-6222-43EC-AB09-11CA5DB039EB}.Debug|Any CPU.ActiveCfg = Debug|Any CPU
		{435FC592-6222-43EC-AB09-11CA5DB039EB}.Debug|Any CPU.Build.0 = Debug|Any CPU
		{435FC592-6222-43EC-AB09-11CA5DB039EB}.Release|Any CPU.ActiveCfg = Release|Any CPU
		{435FC592-6222-43EC-AB09-11CA5DB039EB}.Release|Any CPU.Build.0 = Release|Any CPU
		{3D213A82-4037-42F0-A2F5-738E98C3A145}.Debug|Any CPU.ActiveCfg = Debug|Any CPU
		{3D213A82-4037-42F0-A2F5-738E98C3A145}.Debug|Any CPU.Build.0 = Debug|Any CPU
		{3D213A82-4037-42F0-A2F5-738E98C3A145}.Release|Any CPU.ActiveCfg = Release|Any CPU
		{3D213A82-4037-42F0-A2F5-738E98C3A145}.Release|Any CPU.Build.0 = Release|Any CPU
		{613AA2B5-CF64-45C1-BCF5-C6E195F43765}.Debug|Any CPU.ActiveCfg = Debug|Any CPU
		{613AA2B5-CF64-45C1-BCF5-C6E195F43765}.Debug|Any CPU.Build.0 = Debug|Any CPU
		{613AA2B5-CF64-45C1-BCF5-C6E195F43765}.Release|Any CPU.ActiveCfg = Release|Any CPU
		{613AA2B5-CF64-45C1-BCF5-C6E195F43765}.Release|Any CPU.Build.0 = Release|Any CPU
		{F8722523-58E9-4AF2-B3FA-A3B782635C8F}.Debug|Any CPU.ActiveCfg = Debug|Any CPU
		{F8722523-58E9-4AF2-B3FA-A3B782635C8F}.Debug|Any CPU.Build.0 = Debug|Any CPU
		{F8722523-58E9-4AF2-B3FA-A3B782635C8F}.Release|Any CPU.ActiveCfg = Release|Any CPU
		{F8722523-58E9-4AF2-B3FA-A3B782635C8F}.Release|Any CPU.Build.0 = Release|Any CPU
		{FFB6C3B6-F83B-4B79-BBA6-482FD227500D}.Debug|Any CPU.ActiveCfg = Debug|Any CPU
		{FFB6C3B6-F83B-4B79-BBA6-482FD227500D}.Debug|Any CPU.Build.0 = Debug|Any CPU
		{FFB6C3B6-F83B-4B79-BBA6-482FD227500D}.Release|Any CPU.ActiveCfg = Release|Any CPU
		{FFB6C3B6-F83B-4B79-BBA6-482FD227500D}.Release|Any CPU.Build.0 = Release|Any CPU
	EndGlobalSection
	GlobalSection(SolutionProperties) = preSolution
		HideSolutionNode = FALSE
	EndGlobalSection
	GlobalSection(ExtensibilityGlobals) = postSolution
		SolutionGuid = {9ECD2E1C-8D36-4599-AC69-340273182BFF}
	EndGlobalSection
EndGlobal
